
Microsoft Visual Studio Solution File, Format Version 12.00
# Visual Studio Version 17
VisualStudioVersion = 17.0.31919.166
MinimumVisualStudioVersion = 10.0.40219.1
Project("{FAE04EC0-301F-11D3-BF4B-00C04F79EFBC}") = "klasaString", "klasaString.csproj", "{AD5A2FFF-F411-4ED9-9E5C-1648C2D5CAAB}"
EndProject
Global
	GlobalSection(SolutionConfigurationPlatforms) = preSolution
		Debug|Any CPU = Debug|Any CPU
		Release|Any CPU = Release|Any CPU
	EndGlobalSection
	GlobalSection(ProjectConfigurationPlatforms) = postSolution
		{AD5A2FFF-F411-4ED9-9E5C-1648C2D5CAAB}.Debug|Any CPU.ActiveCfg = Debug|Any CPU
		{AD5A2FFF-F411-4ED9-9E5C-1648C2D5CAAB}.Debug|Any CPU.Build.0 = Debug|Any CPU
		{AD5A2FFF-F411-4ED9-9E5C-1648C2D5CAAB}.Release|Any CPU.ActiveCfg = Release|Any CPU
		{AD5A2FFF-F411-4ED9-9E5C-1648C2D5CAAB}.Release|Any CPU.Build.0 = Release|Any CPU
	EndGlobalSection
	GlobalSection(SolutionProperties) = preSolution
		HideSolutionNode = FALSE
	EndGlobalSection
	GlobalSection(ExtensibilityGlobals) = postSolution
		SolutionGuid = {2AB84D48-DB9E-49FB-BA8C-C14258A9F42F}
	EndGlobalSection
EndGlobal
